# THIS IS AN AUTOGENERATED FILE. DO NOT EDIT THIS FILE DIRECTLY.
# yarn lockfile v1


"@types/google.maps@^3.45.1":
  version "3.45.1"
  resolved "https://registry.yarnpkg.com/@types/google.maps/-/google.maps-3.45.1.tgz#7596ad904eb5961d7ec889cd3aa71b1a0cee3043"
  integrity sha512-0zOfnLrkLQkZh3rhjdHPodcWsKHj6BFqhIOp7t/g3y6/cKImxowBpcBva+Iq9WrpHPBRAqbdu0rPnAiK66M06w==
